
Microsoft Visual Studio Solution File, Format Version 12.00
# Visual Studio Version 16
VisualStudioVersion = 16.0.31005.135
MinimumVisualStudioVersion = 10.0.40219.1
Project("{9A19103F-16F7-4668-BE54-9A1E7A4F7556}") = "MVC_Rocky", "MVC_Rocky.csproj", "{EFC5C8FD-691C-4F28-A10F-9531F45F181A}"
EndProject
Project("{FAE04EC0-301F-11D3-BF4B-00C04F79EFBC}") = "MVC_Rocky_Utility", "..\MVC_Rocky_Utility\MVC_Rocky_Utility.csproj", "{4ADF9068-4E64-4FDA-B4EF-7B36663EFEC9}"
EndProject
Project("{FAE04EC0-301F-11D3-BF4B-00C04F79EFBC}") = "MVC_Rocky_Models", "..\MVC_Rocky_Models\MVC_Rocky_Models.csproj", "{2E61C2D0-508F-45F0-9730-73FABA01E778}"
EndProject
Project("{FAE04EC0-301F-11D3-BF4B-00C04F79EFBC}") = "MVC_Rocky_DataAccess", "..\MVC_Rocky_DataAccess\MVC_Rocky_DataAccess.csproj", "{04DE1F73-5E9B-4E12-ACF9-F3E29C5BFBF1}"
EndProject
Global
	GlobalSection(SolutionConfigurationPlatforms) = preSolution
		Debug|Any CPU = Debug|Any CPU
		Release|Any CPU = Release|Any CPU
	EndGlobalSection
	GlobalSection(ProjectConfigurationPlatforms) = postSolution
		{EFC5C8FD-691C-4F28-A10F-9531F45F181A}.Debug|Any CPU.ActiveCfg = Debug|Any CPU
		{EFC5C8FD-691C-4F28-A10F-9531F45F181A}.Debug|Any CPU.Build.0 = Debug|Any CPU
		{EFC5C8FD-691C-4F28-A10F-9531F45F181A}.Release|Any CPU.ActiveCfg = Release|Any CPU
		{EFC5C8FD-691C-4F28-A10F-9531F45F181A}.Release|Any CPU.Build.0 = Release|Any CPU
		{4ADF9068-4E64-4FDA-B4EF-7B36663EFEC9}.Debug|Any CPU.ActiveCfg = Debug|Any CPU
		{4ADF9068-4E64-4FDA-B4EF-7B36663EFEC9}.Debug|Any CPU.Build.0 = Debug|Any CPU
		{4ADF9068-4E64-4FDA-B4EF-7B36663EFEC9}.Release|Any CPU.ActiveCfg = Release|Any CPU
		{4ADF9068-4E64-4FDA-B4EF-7B36663EFEC9}.Release|Any CPU.Build.0 = Release|Any CPU
		{2E61C2D0-508F-45F0-9730-73FABA01E778}.Debug|Any CPU.ActiveCfg = Debug|Any CPU
		{2E61C2D0-508F-45F0-9730-73FABA01E778}.Debug|Any CPU.Build.0 = Debug|Any CPU
		{2E61C2D0-508F-45F0-9730-73FABA01E778}.Release|Any CPU.ActiveCfg = Release|Any CPU
		{2E61C2D0-508F-45F0-9730-73FABA01E778}.Release|Any CPU.Build.0 = Release|Any CPU
		{04DE1F73-5E9B-4E12-ACF9-F3E29C5BFBF1}.Debug|Any CPU.ActiveCfg = Debug|Any CPU
		{04DE1F73-5E9B-4E12-ACF9-F3E29C5BFBF1}.Debug|Any CPU.Build.0 = Debug|Any CPU
		{04DE1F73-5E9B-4E12-ACF9-F3E29C5BFBF1}.Release|Any CPU.ActiveCfg = Release|Any CPU
		{04DE1F73-5E9B-4E12-ACF9-F3E29C5BFBF1}.Release|Any CPU.Build.0 = Release|Any CPU
	EndGlobalSection
	GlobalSection(SolutionProperties) = preSolution
		HideSolutionNode = FALSE
	EndGlobalSection
	GlobalSection(ExtensibilityGlobals) = postSolution
		SolutionGuid = {1B085CB8-F9AF-402F-BA00-827266E066EE}
	EndGlobalSection
EndGlobal
